
Microsoft Visual Studio Solution File, Format Version 12.00
# Visual Studio Version 16
VisualStudioVersion = 16.0.30320.27
MinimumVisualStudioVersion = 10.0.40219.1
Project("{FAE04EC0-301F-11D3-BF4B-00C04F79EFBC}") = "SYticketPro", "SYticket\SYticketPro.csproj", "{925B13E9-3618-4657-9495-E1D67E76FEEF}"
EndProject
Global
	GlobalSection(SolutionConfigurationPlatforms) = preSolution
		Debug|Any CPU = Debug|Any CPU
		Release|Any CPU = Release|Any CPU
	EndGlobalSection
	GlobalSection(ProjectConfigurationPlatforms) = postSolution
		{925B13E9-3618-4657-9495-E1D67E76FEEF}.Debug|Any CPU.ActiveCfg = Debug|Any CPU
		{925B13E9-3618-4657-9495-E1D67E76FEEF}.Debug|Any CPU.Build.0 = Debug|Any CPU
		{925B13E9-3618-4657-9495-E1D67E76FEEF}.Release|Any CPU.ActiveCfg = Release|Any CPU
		{925B13E9-3618-4657-9495-E1D67E76FEEF}.Release|Any CPU.Build.0 = Release|Any CPU
	EndGlobalSection
	GlobalSection(SolutionProperties) = preSolution
		HideSolutionNode = FALSE
	EndGlobalSection
	GlobalSection(ExtensibilityGlobals) = postSolution
		SolutionGuid = {13430E65-CF9C-455F-BDF4-0C8BDCDE70C7}
	EndGlobalSection
EndGlobal
